
Microsoft Visual Studio Solution File, Format Version 12.00
# Visual Studio Version 17
VisualStudioVersion = 17.1.32210.238
MinimumVisualStudioVersion = 10.0.40219.1
Project("{9A19103F-16F7-4668-BE54-9A1E7A4F7556}") = "HYS.Domain", "HYS.Domain\HYS.Domain.csproj", "{BF0104EB-5C4E-469B-A2E2-8F0D02675B5F}"
EndProject
Project("{2150E333-8FDC-42A3-9474-1A3956D46DE8}") = "Core", "Core", "{40873062-0CD2-46AD-A162-A7B539CC14FE}"
EndProject
Project("{2150E333-8FDC-42A3-9474-1A3956D46DE8}") = "Infrastructure", "Infrastructure", "{A7AC7838-DA94-4541-B272-8A608F52A520}"
EndProject
Project("{2150E333-8FDC-42A3-9474-1A3956D46DE8}") = "Presentation", "Presentation", "{B5A3A1EB-5DDE-4259-8A54-0A6B378D10DC}"
EndProject
Project("{9A19103F-16F7-4668-BE54-9A1E7A4F7556}") = "HYS.Application", "HYS.Application\HYS.Application.csproj", "{B466D8E3-E767-4066-8C5B-D4AD0C9C08BE}"
EndProject
Project("{9A19103F-16F7-4668-BE54-9A1E7A4F7556}") = "HYS.API", "HYS.API\HYS.API.csproj", "{5F7BA6E5-ED91-4307-8C00-DF1312859C58}"
EndProject
Project("{9A19103F-16F7-4668-BE54-9A1E7A4F7556}") = "HYS.Persistence", "HYS.Persistence\HYS.Persistence.csproj", "{F0CC57E0-C370-41A8-BC85-DAAE1F938333}"
EndProject
Project("{2150E333-8FDC-42A3-9474-1A3956D46DE8}") = "UnitOfWork", "UnitOfWork", "{04D41F40-30AB-41A4-8E41-5B441C698E98}"
EndProject
Project("{2150E333-8FDC-42A3-9474-1A3956D46DE8}") = "JsApp", "JsApp", "{7F8E9A64-764F-4E1A-BC17-7CF857AB663B}"
	ProjectSection(SolutionItems) = preProject
		HTMLPage1.html = HTMLPage1.html
	EndProjectSection
EndProject
Global
	GlobalSection(SolutionConfigurationPlatforms) = preSolution
		Debug|Any CPU = Debug|Any CPU
		Release|Any CPU = Release|Any CPU
	EndGlobalSection
	GlobalSection(ProjectConfigurationPlatforms) = postSolution
		{BF0104EB-5C4E-469B-A2E2-8F0D02675B5F}.Debug|Any CPU.ActiveCfg = Debug|Any CPU
		{BF0104EB-5C4E-469B-A2E2-8F0D02675B5F}.Debug|Any CPU.Build.0 = Debug|Any CPU
		{BF0104EB-5C4E-469B-A2E2-8F0D02675B5F}.Release|Any CPU.ActiveCfg = Release|Any CPU
		{BF0104EB-5C4E-469B-A2E2-8F0D02675B5F}.Release|Any CPU.Build.0 = Release|Any CPU
		{B466D8E3-E767-4066-8C5B-D4AD0C9C08BE}.Debug|Any CPU.ActiveCfg = Debug|Any CPU
		{B466D8E3-E767-4066-8C5B-D4AD0C9C08BE}.Debug|Any CPU.Build.0 = Debug|Any CPU
		{B466D8E3-E767-4066-8C5B-D4AD0C9C08BE}.Release|Any CPU.ActiveCfg = Release|Any CPU
		{B466D8E3-E767-4066-8C5B-D4AD0C9C08BE}.Release|Any CPU.Build.0 = Release|Any CPU
		{5F7BA6E5-ED91-4307-8C00-DF1312859C58}.Debug|Any CPU.ActiveCfg = Debug|Any CPU
		{5F7BA6E5-ED91-4307-8C00-DF1312859C58}.Debug|Any CPU.Build.0 = Debug|Any CPU
		{5F7BA6E5-ED91-4307-8C00-DF1312859C58}.Release|Any CPU.ActiveCfg = Release|Any CPU
		{5F7BA6E5-ED91-4307-8C00-DF1312859C58}.Release|Any CPU.Build.0 = Release|Any CPU
		{F0CC57E0-C370-41A8-BC85-DAAE1F938333}.Debug|Any CPU.ActiveCfg = Debug|Any CPU
		{F0CC57E0-C370-41A8-BC85-DAAE1F938333}.Debug|Any CPU.Build.0 = Debug|Any CPU
		{F0CC57E0-C370-41A8-BC85-DAAE1F938333}.Release|Any CPU.ActiveCfg = Release|Any CPU
		{F0CC57E0-C370-41A8-BC85-DAAE1F938333}.Release|Any CPU.Build.0 = Release|Any CPU
	EndGlobalSection
	GlobalSection(SolutionProperties) = preSolution
		HideSolutionNode = FALSE
	EndGlobalSection
	GlobalSection(NestedProjects) = preSolution
		{BF0104EB-5C4E-469B-A2E2-8F0D02675B5F} = {40873062-0CD2-46AD-A162-A7B539CC14FE}
		{B466D8E3-E767-4066-8C5B-D4AD0C9C08BE} = {40873062-0CD2-46AD-A162-A7B539CC14FE}
		{5F7BA6E5-ED91-4307-8C00-DF1312859C58} = {B5A3A1EB-5DDE-4259-8A54-0A6B378D10DC}
		{F0CC57E0-C370-41A8-BC85-DAAE1F938333} = {A7AC7838-DA94-4541-B272-8A608F52A520}
		{04D41F40-30AB-41A4-8E41-5B441C698E98} = {A7AC7838-DA94-4541-B272-8A608F52A520}
		{7F8E9A64-764F-4E1A-BC17-7CF857AB663B} = {B5A3A1EB-5DDE-4259-8A54-0A6B378D10DC}
	EndGlobalSection
	GlobalSection(ExtensibilityGlobals) = postSolution
		SolutionGuid = {FD17A071-4ACB-4B05-808E-B2C88DCCB6B9}
	EndGlobalSection
EndGlobal
