
Microsoft Visual Studio Solution File, Format Version 12.00
# Visual Studio Version 16
VisualStudioVersion = 16.0.31321.278
MinimumVisualStudioVersion = 10.0.40219.1
Project("{9A19103F-16F7-4668-BE54-9A1E7A4F7556}") = "ProductManagerAPI", "ProductManager\ProductManagerAPI.csproj", "{4A111941-8139-4320-B3C7-A869289F8D6F}"
EndProject
Project("{9A19103F-16F7-4668-BE54-9A1E7A4F7556}") = "TEST_ProductManagerUnit", "ProductManagerUnitTest\TEST_ProductManagerUnit.csproj", "{5CDBE897-D228-4BF4-8FE1-3F0763813782}"
EndProject
Project("{9A19103F-16F7-4668-BE54-9A1E7A4F7556}") = "TEST_ProductManagerIntegration", "ProductManagerIntegrationTest\TEST_ProductManagerIntegration.csproj", "{F1EB0EC9-6E60-4C99-9123-0D78690269B6}"
EndProject
Project("{9A19103F-16F7-4668-BE54-9A1E7A4F7556}") = "ProductManagerDomain", "ProductManagerModel\ProductManagerDomain.csproj", "{37805E38-91D1-46CC-9D36-D8AF21928C06}"
EndProject
Project("{9A19103F-16F7-4668-BE54-9A1E7A4F7556}") = "ProductManagerRepository", "ProductManagerRepository\ProductManagerRepository.csproj", "{6F40BB67-3FE7-42FE-ACB2-368259B30D1C}"
EndProject
Project("{9A19103F-16F7-4668-BE54-9A1E7A4F7556}") = "ProductManagerPersistance", "ProductManagerPersistance\ProductManagerPersistance.csproj", "{902BD33D-FD2C-481E-A9B2-769E86B1D937}"
EndProject
Project("{9A19103F-16F7-4668-BE54-9A1E7A4F7556}") = "ProductManagerCrossCuttings", "ProductManagerHelper\ProductManagerCrossCuttings.csproj", "{B41FF698-6D22-43FA-80E9-2F032C699042}"
EndProject
Project("{9A19103F-16F7-4668-BE54-9A1E7A4F7556}") = "ProductManagerDTO", "ProductManagerDTO\ProductManagerDTO.csproj", "{4ACCDAEB-12E3-451D-BF09-335971BC9BA4}"
EndProject
Project("{9A19103F-16F7-4668-BE54-9A1E7A4F7556}") = "ProductManagerResource", "ProductManagerResource\ProductManagerResource.csproj", "{5FE675C5-FC66-4FA9-8BBC-16206D570954}"
EndProject
Project("{9A19103F-16F7-4668-BE54-9A1E7A4F7556}") = "ProductManagerServiceLayer", "ProductManagerServiceLayer\ProductManagerServiceLayer.csproj", "{A801D618-D2DA-4809-B239-080F38C9E5D5}"
EndProject
Project("{FAE04EC0-301F-11D3-BF4B-00C04F79EFBC}") = "ProductManagerCacheService", "ProductManagerCacheService\ProductManagerCacheService.csproj", "{4D80F31C-FF38-4171-BEBB-3B65C7246C6B}"
EndProject
Global
	GlobalSection(SolutionConfigurationPlatforms) = preSolution
		Debug|Any CPU = Debug|Any CPU
		Release|Any CPU = Release|Any CPU
	EndGlobalSection
	GlobalSection(ProjectConfigurationPlatforms) = postSolution
		{4A111941-8139-4320-B3C7-A869289F8D6F}.Debug|Any CPU.ActiveCfg = Debug|Any CPU
		{4A111941-8139-4320-B3C7-A869289F8D6F}.Debug|Any CPU.Build.0 = Debug|Any CPU
		{4A111941-8139-4320-B3C7-A869289F8D6F}.Release|Any CPU.ActiveCfg = Release|Any CPU
		{4A111941-8139-4320-B3C7-A869289F8D6F}.Release|Any CPU.Build.0 = Release|Any CPU
		{5CDBE897-D228-4BF4-8FE1-3F0763813782}.Debug|Any CPU.ActiveCfg = Debug|Any CPU
		{5CDBE897-D228-4BF4-8FE1-3F0763813782}.Debug|Any CPU.Build.0 = Debug|Any CPU
		{5CDBE897-D228-4BF4-8FE1-3F0763813782}.Release|Any CPU.ActiveCfg = Release|Any CPU
		{5CDBE897-D228-4BF4-8FE1-3F0763813782}.Release|Any CPU.Build.0 = Release|Any CPU
		{F1EB0EC9-6E60-4C99-9123-0D78690269B6}.Debug|Any CPU.ActiveCfg = Debug|Any CPU
		{F1EB0EC9-6E60-4C99-9123-0D78690269B6}.Debug|Any CPU.Build.0 = Debug|Any CPU
		{F1EB0EC9-6E60-4C99-9123-0D78690269B6}.Release|Any CPU.ActiveCfg = Release|Any CPU
		{F1EB0EC9-6E60-4C99-9123-0D78690269B6}.Release|Any CPU.Build.0 = Release|Any CPU
		{37805E38-91D1-46CC-9D36-D8AF21928C06}.Debug|Any CPU.ActiveCfg = Debug|Any CPU
		{37805E38-91D1-46CC-9D36-D8AF21928C06}.Debug|Any CPU.Build.0 = Debug|Any CPU
		{37805E38-91D1-46CC-9D36-D8AF21928C06}.Release|Any CPU.ActiveCfg = Release|Any CPU
		{37805E38-91D1-46CC-9D36-D8AF21928C06}.Release|Any CPU.Build.0 = Release|Any CPU
		{6F40BB67-3FE7-42FE-ACB2-368259B30D1C}.Debug|Any CPU.ActiveCfg = Debug|Any CPU
		{6F40BB67-3FE7-42FE-ACB2-368259B30D1C}.Debug|Any CPU.Build.0 = Debug|Any CPU
		{6F40BB67-3FE7-42FE-ACB2-368259B30D1C}.Release|Any CPU.ActiveCfg = Release|Any CPU
		{6F40BB67-3FE7-42FE-ACB2-368259B30D1C}.Release|Any CPU.Build.0 = Release|Any CPU
		{902BD33D-FD2C-481E-A9B2-769E86B1D937}.Debug|Any CPU.ActiveCfg = Debug|Any CPU
		{902BD33D-FD2C-481E-A9B2-769E86B1D937}.Debug|Any CPU.Build.0 = Debug|Any CPU
		{902BD33D-FD2C-481E-A9B2-769E86B1D937}.Release|Any CPU.ActiveCfg = Release|Any CPU
		{902BD33D-FD2C-481E-A9B2-769E86B1D937}.Release|Any CPU.Build.0 = Release|Any CPU
		{B41FF698-6D22-43FA-80E9-2F032C699042}.Debug|Any CPU.ActiveCfg = Debug|Any CPU
		{B41FF698-6D22-43FA-80E9-2F032C699042}.Debug|Any CPU.Build.0 = Debug|Any CPU
		{B41FF698-6D22-43FA-80E9-2F032C699042}.Release|Any CPU.ActiveCfg = Release|Any CPU
		{B41FF698-6D22-43FA-80E9-2F032C699042}.Release|Any CPU.Build.0 = Release|Any CPU
		{4ACCDAEB-12E3-451D-BF09-335971BC9BA4}.Debug|Any CPU.ActiveCfg = Debug|Any CPU
		{4ACCDAEB-12E3-451D-BF09-335971BC9BA4}.Debug|Any CPU.Build.0 = Debug|Any CPU
		{4ACCDAEB-12E3-451D-BF09-335971BC9BA4}.Release|Any CPU.ActiveCfg = Release|Any CPU
		{4ACCDAEB-12E3-451D-BF09-335971BC9BA4}.Release|Any CPU.Build.0 = Release|Any CPU
		{5FE675C5-FC66-4FA9-8BBC-16206D570954}.Debug|Any CPU.ActiveCfg = Debug|Any CPU
		{5FE675C5-FC66-4FA9-8BBC-16206D570954}.Debug|Any CPU.Build.0 = Debug|Any CPU
		{5FE675C5-FC66-4FA9-8BBC-16206D570954}.Release|Any CPU.ActiveCfg = Release|Any CPU
		{5FE675C5-FC66-4FA9-8BBC-16206D570954}.Release|Any CPU.Build.0 = Release|Any CPU
		{A801D618-D2DA-4809-B239-080F38C9E5D5}.Debug|Any CPU.ActiveCfg = Debug|Any CPU
		{A801D618-D2DA-4809-B239-080F38C9E5D5}.Debug|Any CPU.Build.0 = Debug|Any CPU
		{A801D618-D2DA-4809-B239-080F38C9E5D5}.Release|Any CPU.ActiveCfg = Release|Any CPU
		{A801D618-D2DA-4809-B239-080F38C9E5D5}.Release|Any CPU.Build.0 = Release|Any CPU
		{4D80F31C-FF38-4171-BEBB-3B65C7246C6B}.Debug|Any CPU.ActiveCfg = Debug|Any CPU
		{4D80F31C-FF38-4171-BEBB-3B65C7246C6B}.Debug|Any CPU.Build.0 = Debug|Any CPU
		{4D80F31C-FF38-4171-BEBB-3B65C7246C6B}.Release|Any CPU.ActiveCfg = Release|Any CPU
		{4D80F31C-FF38-4171-BEBB-3B65C7246C6B}.Release|Any CPU.Build.0 = Release|Any CPU
	EndGlobalSection
	GlobalSection(SolutionProperties) = preSolution
		HideSolutionNode = FALSE
	EndGlobalSection
	GlobalSection(ExtensibilityGlobals) = postSolution
		SolutionGuid = {AFB9C0C1-3C96-49D4-ABDB-F4217E63CA1B}
	EndGlobalSection
EndGlobal
